
Microsoft Visual Studio Solution File, Format Version 12.00
# Visual Studio 15
VisualStudioVersion = 15.0.27130.2024
MinimumVisualStudioVersion = 10.0.40219.1
Project("{FAE04EC0-301F-11D3-BF4B-00C04F79EFBC}") = "MVCJsonDemo", "MVCJsonDemo\MVCJsonDemo.csproj", "{0C70189A-FCE0-4DB5-B087-57CA3DDECEFA}"
EndProject
Global
	GlobalSection(SolutionConfigurationPlatforms) = preSolution
		Debug|Any CPU = Debug|Any CPU
		Release|Any CPU = Release|Any CPU
	EndGlobalSection
	GlobalSection(ProjectConfigurationPlatforms) = postSolution
		{0C70189A-FCE0-4DB5-B087-57CA3DDECEFA}.Debug|Any CPU.ActiveCfg = Debug|Any CPU
		{0C70189A-FCE0-4DB5-B087-57CA3DDECEFA}.Debug|Any CPU.Build.0 = Debug|Any CPU
		{0C70189A-FCE0-4DB5-B087-57CA3DDECEFA}.Release|Any CPU.ActiveCfg = Release|Any CPU
		{0C70189A-FCE0-4DB5-B087-57CA3DDECEFA}.Release|Any CPU.Build.0 = Release|Any CPU
	EndGlobalSection
	GlobalSection(SolutionProperties) = preSolution
		HideSolutionNode = FALSE
	EndGlobalSection
	GlobalSection(ExtensibilityGlobals) = postSolution
		SolutionGuid = {64AADA7B-5515-4816-B9E5-E05D060E2F85}
	EndGlobalSection
EndGlobal
