
Microsoft Visual Studio Solution File, Format Version 12.00
# Visual Studio 15
VisualStudioVersion = 15.0.27130.2020
MinimumVisualStudioVersion = 10.0.40219.1
Project("{FAE04EC0-301F-11D3-BF4B-00C04F79EFBC}") = "RepositoryPattern.EntityFramework", "RepositoryPattern.EntityFramework\RepositoryPattern.EntityFramework.csproj", "{0DF90870-31AF-4CD6-A8AD-F48F48524116}"
EndProject
Project("{FAE04EC0-301F-11D3-BF4B-00C04F79EFBC}") = "RepositoryPattern.Core", "RepositoryPattern.Core\RepositoryPattern.Core.csproj", "{6563CE24-7F15-40FA-B27D-C48F09E7DAB8}"
EndProject
Project("{FAE04EC0-301F-11D3-BF4B-00C04F79EFBC}") = "RepositoryPattern.Web", "RepositoryPattern.Web\RepositoryPattern.Web.csproj", "{481C75E1-BAE5-449C-A558-21D1165AA2E9}"
EndProject
Project("{FAE04EC0-301F-11D3-BF4B-00C04F79EFBC}") = "RepositoryPattern.Application", "RepositoryPattern.Application\RepositoryPattern.Application.csproj", "{6B719B0B-3E2C-4094-9895-F90872877DA2}"
EndProject
Project("{FAE04EC0-301F-11D3-BF4B-00C04F79EFBC}") = "RepositoryPattern.Test", "RepositoryPattern.Test\RepositoryPattern.Test.csproj", "{95D0C1AC-D8DE-4C7B-A230-DC8FC890AB5C}"
EndProject
Global
	GlobalSection(SolutionConfigurationPlatforms) = preSolution
		Debug|Any CPU = Debug|Any CPU
		Release|Any CPU = Release|Any CPU
	EndGlobalSection
	GlobalSection(ProjectConfigurationPlatforms) = postSolution
		{0DF90870-31AF-4CD6-A8AD-F48F48524116}.Debug|Any CPU.ActiveCfg = Debug|Any CPU
		{0DF90870-31AF-4CD6-A8AD-F48F48524116}.Debug|Any CPU.Build.0 = Debug|Any CPU
		{0DF90870-31AF-4CD6-A8AD-F48F48524116}.Release|Any CPU.ActiveCfg = Release|Any CPU
		{0DF90870-31AF-4CD6-A8AD-F48F48524116}.Release|Any CPU.Build.0 = Release|Any CPU
		{6563CE24-7F15-40FA-B27D-C48F09E7DAB8}.Debug|Any CPU.ActiveCfg = Debug|Any CPU
		{6563CE24-7F15-40FA-B27D-C48F09E7DAB8}.Debug|Any CPU.Build.0 = Debug|Any CPU
		{6563CE24-7F15-40FA-B27D-C48F09E7DAB8}.Release|Any CPU.ActiveCfg = Release|Any CPU
		{6563CE24-7F15-40FA-B27D-C48F09E7DAB8}.Release|Any CPU.Build.0 = Release|Any CPU
		{481C75E1-BAE5-449C-A558-21D1165AA2E9}.Debug|Any CPU.ActiveCfg = Debug|Any CPU
		{481C75E1-BAE5-449C-A558-21D1165AA2E9}.Debug|Any CPU.Build.0 = Debug|Any CPU
		{481C75E1-BAE5-449C-A558-21D1165AA2E9}.Release|Any CPU.ActiveCfg = Release|Any CPU
		{481C75E1-BAE5-449C-A558-21D1165AA2E9}.Release|Any CPU.Build.0 = Release|Any CPU
		{6B719B0B-3E2C-4094-9895-F90872877DA2}.Debug|Any CPU.ActiveCfg = Debug|Any CPU
		{6B719B0B-3E2C-4094-9895-F90872877DA2}.Debug|Any CPU.Build.0 = Debug|Any CPU
		{6B719B0B-3E2C-4094-9895-F90872877DA2}.Release|Any CPU.ActiveCfg = Release|Any CPU
		{6B719B0B-3E2C-4094-9895-F90872877DA2}.Release|Any CPU.Build.0 = Release|Any CPU
		{95D0C1AC-D8DE-4C7B-A230-DC8FC890AB5C}.Debug|Any CPU.ActiveCfg = Debug|Any CPU
		{95D0C1AC-D8DE-4C7B-A230-DC8FC890AB5C}.Debug|Any CPU.Build.0 = Debug|Any CPU
		{95D0C1AC-D8DE-4C7B-A230-DC8FC890AB5C}.Release|Any CPU.ActiveCfg = Release|Any CPU
		{95D0C1AC-D8DE-4C7B-A230-DC8FC890AB5C}.Release|Any CPU.Build.0 = Release|Any CPU
	EndGlobalSection
	GlobalSection(SolutionProperties) = preSolution
		HideSolutionNode = FALSE
	EndGlobalSection
	GlobalSection(ExtensibilityGlobals) = postSolution
		SolutionGuid = {A408157A-BFC3-4783-8E3A-49BD0126E2A8}
	EndGlobalSection
EndGlobal
